
Microsoft Visual Studio Solution File, Format Version 12.00
# Visual Studio Version 16
VisualStudioVersion = 16.0.31911.196
MinimumVisualStudioVersion = 10.0.40219.1
Project("{9A19103F-16F7-4668-BE54-9A1E7A4F7556}") = "ResourceManager.Business", "ResourceManager.Business\ResourceManager.Business.csproj", "{BFF3F4E7-1DB3-4AA4-A01B-3DEA5A5AC608}"
EndProject
Project("{9A19103F-16F7-4668-BE54-9A1E7A4F7556}") = "ResourceManager.Data", "ResourceManager.Data\ResourceManager.Data.csproj", "{C2DA3C81-1E50-404E-BB8A-383C98F60F4C}"
EndProject
Project("{9A19103F-16F7-4668-BE54-9A1E7A4F7556}") = "ResourceManager.Entity", "ResourceManager.Entity\ResourceManager.Entity.csproj", "{C4D5B7B5-1716-4F25-A7CD-1022FF68C83D}"
EndProject
Project("{9A19103F-16F7-4668-BE54-9A1E7A4F7556}") = "ResourceManager.API", "ResourceManager.API\ResourceManager.API.csproj", "{69814DC8-DA1D-45F3-AAAC-D734E4AF1FA5}"
EndProject
Project("{FAE04EC0-301F-11D3-BF4B-00C04F79EFBC}") = "ResourceManager.ViewModels", "ResourceManager.ViewModels\ResourceManager.ViewModels.csproj", "{48011151-DF4C-474A-ADFB-4688937616F2}"
EndProject
Global
	GlobalSection(SolutionConfigurationPlatforms) = preSolution
		Debug|Any CPU = Debug|Any CPU
		Release|Any CPU = Release|Any CPU
	EndGlobalSection
	GlobalSection(ProjectConfigurationPlatforms) = postSolution
		{BFF3F4E7-1DB3-4AA4-A01B-3DEA5A5AC608}.Debug|Any CPU.ActiveCfg = Debug|Any CPU
		{BFF3F4E7-1DB3-4AA4-A01B-3DEA5A5AC608}.Debug|Any CPU.Build.0 = Debug|Any CPU
		{BFF3F4E7-1DB3-4AA4-A01B-3DEA5A5AC608}.Release|Any CPU.ActiveCfg = Release|Any CPU
		{BFF3F4E7-1DB3-4AA4-A01B-3DEA5A5AC608}.Release|Any CPU.Build.0 = Release|Any CPU
		{C2DA3C81-1E50-404E-BB8A-383C98F60F4C}.Debug|Any CPU.ActiveCfg = Debug|Any CPU
		{C2DA3C81-1E50-404E-BB8A-383C98F60F4C}.Debug|Any CPU.Build.0 = Debug|Any CPU
		{C2DA3C81-1E50-404E-BB8A-383C98F60F4C}.Release|Any CPU.ActiveCfg = Release|Any CPU
		{C2DA3C81-1E50-404E-BB8A-383C98F60F4C}.Release|Any CPU.Build.0 = Release|Any CPU
		{C4D5B7B5-1716-4F25-A7CD-1022FF68C83D}.Debug|Any CPU.ActiveCfg = Debug|Any CPU
		{C4D5B7B5-1716-4F25-A7CD-1022FF68C83D}.Debug|Any CPU.Build.0 = Debug|Any CPU
		{C4D5B7B5-1716-4F25-A7CD-1022FF68C83D}.Release|Any CPU.ActiveCfg = Release|Any CPU
		{C4D5B7B5-1716-4F25-A7CD-1022FF68C83D}.Release|Any CPU.Build.0 = Release|Any CPU
		{69814DC8-DA1D-45F3-AAAC-D734E4AF1FA5}.Debug|Any CPU.ActiveCfg = Debug|Any CPU
		{69814DC8-DA1D-45F3-AAAC-D734E4AF1FA5}.Debug|Any CPU.Build.0 = Debug|Any CPU
		{69814DC8-DA1D-45F3-AAAC-D734E4AF1FA5}.Release|Any CPU.ActiveCfg = Release|Any CPU
		{69814DC8-DA1D-45F3-AAAC-D734E4AF1FA5}.Release|Any CPU.Build.0 = Release|Any CPU
		{48011151-DF4C-474A-ADFB-4688937616F2}.Debug|Any CPU.ActiveCfg = Debug|Any CPU
		{48011151-DF4C-474A-ADFB-4688937616F2}.Debug|Any CPU.Build.0 = Debug|Any CPU
		{48011151-DF4C-474A-ADFB-4688937616F2}.Release|Any CPU.ActiveCfg = Release|Any CPU
		{48011151-DF4C-474A-ADFB-4688937616F2}.Release|Any CPU.Build.0 = Release|Any CPU
	EndGlobalSection
	GlobalSection(SolutionProperties) = preSolution
		HideSolutionNode = FALSE
	EndGlobalSection
	GlobalSection(ExtensibilityGlobals) = postSolution
		SolutionGuid = {ACF6E262-D29D-49BC-934B-5DBAB062B900}
	EndGlobalSection
EndGlobal
